// !$*UTF8*$!
{
	archiveVersion = 1;
	classes = {
	};
	objectVersion = 56;
	objects = {

/* Begin PBXBuildFile section */
		2414E6362AF838B9007C2015 /* MenuItemView.swift in Sources */ = {isa = PBXBuildFile; fileRef = 2414E6352AF838B9007C2015 /* MenuItemView.swift */; };
		2414E6392AF84E3E007C2015 /* Dish+CoreDataClass.swift in Sources */ = {isa = PBXBuildFile; fileRef = 2414E6372AF84E3E007C2015 /* Dish+CoreDataClass.swift */; };
		2414E63A2AF84E3E007C2015 /* Dish+CoreDataProperties.swift in Sources */ = {isa = PBXBuildFile; fileRef = 2414E6382AF84E3E007C2015 /* Dish+CoreDataProperties.swift */; };
		2418BF222ACB4452004FA87E /* ExampleDatabase.xcdatamodeld in Sources */ = {isa = PBXBuildFile; fileRef = 2418BF202ACB4452004FA87E /* ExampleDatabase.xcdatamodeld */; };
		244EAF492AB68A9400FD7531 /* FetchedObjects.swift in Sources */ = {isa = PBXBuildFile; fileRef = 244EAF482AB68A9400FD7531 /* FetchedObjects.swift */; };
		244EAF4B2AB68AB700FD7531 /* Persistence.swift in Sources */ = {isa = PBXBuildFile; fileRef = 244EAF4A2AB68AB700FD7531 /* Persistence.swift */; };
		244EAF4D2AB6964600FD7531 /* MenuItem.swift in Sources */ = {isa = PBXBuildFile; fileRef = 244EAF4C2AB6964600FD7531 /* MenuItem.swift */; };
		244EAF4F2AB6970500FD7531 /* MenuList.swift in Sources */ = {isa = PBXBuildFile; fileRef = 244EAF4E2AB6970500FD7531 /* MenuList.swift */; };
		2458B07A2AA0D7E400F78D19 /* Onboarding.swift in Sources */ = {isa = PBXBuildFile; fileRef = 2458B0792AA0D7E400F78D19 /* Onboarding.swift */; };
		2458B07C2AA0D87500F78D19 /* Home.swift in Sources */ = {isa = PBXBuildFile; fileRef = 2458B07B2AA0D87500F78D19 /* Home.swift */; };
		2458B07E2AA0D8F100F78D19 /* Menu.swift in Sources */ = {isa = PBXBuildFile; fileRef = 2458B07D2AA0D8F100F78D19 /* Menu.swift */; };
		2458B0802AA0D97600F78D19 /* UserProfile.swift in Sources */ = {isa = PBXBuildFile; fileRef = 2458B07F2AA0D97600F78D19 /* UserProfile.swift */; };
		2478472D2B1D086200B25F15 /* FontAndTextStyles.swift in Sources */ = {isa = PBXBuildFile; fileRef = 2478472C2B1D086200B25F15 /* FontAndTextStyles.swift */; };
		249929FB2AA0D21200AC4FCA /* RestaurantApp.swift in Sources */ = {isa = PBXBuildFile; fileRef = 249929FA2AA0D21200AC4FCA /* RestaurantApp.swift */; };
		249929FF2AA0D21200AC4FCA /* Assets.xcassets in Resources */ = {isa = PBXBuildFile; fileRef = 249929FE2AA0D21200AC4FCA /* Assets.xcassets */; };
		24992A022AA0D21200AC4FCA /* Preview Assets.xcassets in Resources */ = {isa = PBXBuildFile; fileRef = 24992A012AA0D21200AC4FCA /* Preview Assets.xcassets */; };
		24BAE8412B168860001C5DD0 /* Checkbox.swift in Sources */ = {isa = PBXBuildFile; fileRef = 24BAE8402B168860001C5DD0 /* Checkbox.swift */; };
		24C2A5392B0951E0003784EE /* Karla-Bold.ttf in Resources */ = {isa = PBXBuildFile; fileRef = 24C2A5382B0951E0003784EE /* Karla-Bold.ttf */; };
		24C2A53B2B095450003784EE /* Karla-ExtraBold.ttf in Resources */ = {isa = PBXBuildFile; fileRef = 24C2A53A2B095450003784EE /* Karla-ExtraBold.ttf */; };
		24D0301D2B0512B7005D64F4 /* MarkaziText-Medium.ttf in Resources */ = {isa = PBXBuildFile; fileRef = 24D0301C2B0512B7005D64F4 /* MarkaziText-Medium.ttf */; };
		24D0301F2B0512FC005D64F4 /* Karla-Regular.ttf in Resources */ = {isa = PBXBuildFile; fileRef = 24D0301E2B0512FC005D64F4 /* Karla-Regular.ttf */; };
		24D030222B051355005D64F4 /* Color+Extension.swift in Sources */ = {isa = PBXBuildFile; fileRef = 24D030212B051355005D64F4 /* Color+Extension.swift */; };
		24D056DD2B0312A100790A82 /* HeaderView.swift in Sources */ = {isa = PBXBuildFile; fileRef = 24D056DC2B0312A100790A82 /* HeaderView.swift */; };
		24D056DF2B0314AC00790A82 /* HeroView.swift in Sources */ = {isa = PBXBuildFile; fileRef = 24D056DE2B0314AC00790A82 /* HeroView.swift */; };
		24D056E12B03196000790A82 /* MenuBreakdown.swift in Sources */ = {isa = PBXBuildFile; fileRef = 24D056E02B03196000790A82 /* MenuBreakdown.swift */; };
		24D056E32B031A9F00790A82 /* MenuCategory.swift in Sources */ = {isa = PBXBuildFile; fileRef = 24D056E22B031A9F00790A82 /* MenuCategory.swift */; };
/* End PBXBuildFile section */

/* Begin PBXFileReference section */
		2414E6352AF838B9007C2015 /* MenuItemView.swift */ = {isa = PBXFileReference; lastKnownFileType = sourcecode.swift; path = MenuItemView.swift; sourceTree = "<group>"; };
		2414E6372AF84E3E007C2015 /* Dish+CoreDataClass.swift */ = {isa = PBXFileReference; lastKnownFileType = sourcecode.swift; path = "Dish+CoreDataClass.swift"; sourceTree = "<group>"; };
		2414E6382AF84E3E007C2015 /* Dish+CoreDataProperties.swift */ = {isa = PBXFileReference; lastKnownFileType = sourcecode.swift; path = "Dish+CoreDataProperties.swift"; sourceTree = "<group>"; };
		2418BF212ACB4452004FA87E /* ExampleDatabase.xcdatamodel */ = {isa = PBXFileReference; lastKnownFileType = wrapper.xcdatamodel; path = ExampleDatabase.xcdatamodel; sourceTree = "<group>"; };
		244EAF482AB68A9400FD7531 /* FetchedObjects.swift */ = {isa = PBXFileReference; fileEncoding = 4; lastKnownFileType = sourcecode.swift; path = FetchedObjects.swift; sourceTree = "<group>"; };
		244EAF4A2AB68AB700FD7531 /* Persistence.swift */ = {isa = PBXFileReference; fileEncoding = 4; lastKnownFileType = sourcecode.swift; path = Persistence.swift; sourceTree = "<group>"; };
		244EAF4C2AB6964600FD7531 /* MenuItem.swift */ = {isa = PBXFileReference; lastKnownFileType = sourcecode.swift; path = MenuItem.swift; sourceTree = "<group>"; };
		244EAF4E2AB6970500FD7531 /* MenuList.swift */ = {isa = PBXFileReference; lastKnownFileType = sourcecode.swift; path = MenuList.swift; sourceTree = "<group>"; };
		2458B0792AA0D7E400F78D19 /* Onboarding.swift */ = {isa = PBXFileReference; lastKnownFileType = sourcecode.swift; path = Onboarding.swift; sourceTree = "<group>"; };
		2458B07B2AA0D87500F78D19 /* Home.swift */ = {isa = PBXFileReference; lastKnownFileType = sourcecode.swift; path = Home.swift; sourceTree = "<group>"; };
		2458B07D2AA0D8F100F78D19 /* Menu.swift */ = {isa = PBXFileReference; lastKnownFileType = sourcecode.swift; path = Menu.swift; sourceTree = "<group>"; };
		2458B07F2AA0D97600F78D19 /* UserProfile.swift */ = {isa = PBXFileReference; lastKnownFileType = sourcecode.swift; path = UserProfile.swift; sourceTree = "<group>"; };
		2478472C2B1D086200B25F15 /* FontAndTextStyles.swift */ = {isa = PBXFileReference; lastKnownFileType = sourcecode.swift; path = FontAndTextStyles.swift; sourceTree = "<group>"; };
		249929F72AA0D21200AC4FCA /* Restaurant.app */ = {isa = PBXFileReference; explicitFileType = wrapper.application; includeInIndex = 0; path = Restaurant.app; sourceTree = BUILT_PRODUCTS_DIR; };
		249929FA2AA0D21200AC4FCA /* RestaurantApp.swift */ = {isa = PBXFileReference; lastKnownFileType = sourcecode.swift; path = RestaurantApp.swift; sourceTree = "<group>"; };
		249929FE2AA0D21200AC4FCA /* Assets.xcassets */ = {isa = PBXFileReference; lastKnownFileType = folder.assetcatalog; path = Assets.xcassets; sourceTree = "<group>"; };
		24992A012AA0D21200AC4FCA /* Preview Assets.xcassets */ = {isa = PBXFileReference; lastKnownFileType = folder.assetcatalog; path = "Preview Assets.xcassets"; sourceTree = "<group>"; };
		24BAE8402B168860001C5DD0 /* Checkbox.swift */ = {isa = PBXFileReference; lastKnownFileType = sourcecode.swift; path = Checkbox.swift; sourceTree = "<group>"; };
		24C2A5382B0951E0003784EE /* Karla-Bold.ttf */ = {isa = PBXFileReference; lastKnownFileType = file; path = "Karla-Bold.ttf"; sourceTree = "<group>"; };
		24C2A53A2B095450003784EE /* Karla-ExtraBold.ttf */ = {isa = PBXFileReference; lastKnownFileType = file; path = "Karla-ExtraBold.ttf"; sourceTree = "<group>"; };
		24D0301C2B0512B7005D64F4 /* MarkaziText-Medium.ttf */ = {isa = PBXFileReference; lastKnownFileType = file; path = "MarkaziText-Medium.ttf"; sourceTree = "<group>"; };
		24D0301E2B0512FC005D64F4 /* Karla-Regular.ttf */ = {isa = PBXFileReference; lastKnownFileType = file; path = "Karla-Regular.ttf"; sourceTree = "<group>"; };
		24D030212B051355005D64F4 /* Color+Extension.swift */ = {isa = PBXFileReference; lastKnownFileType = sourcecode.swift; path = "Color+Extension.swift"; sourceTree = "<group>"; };
		24D030272B08091E005D64F4 /* Info.plist */ = {isa = PBXFileReference; lastKnownFileType = text.plist; path = Info.plist; sourceTree = "<group>"; };
		24D056DC2B0312A100790A82 /* HeaderView.swift */ = {isa = PBXFileReference; lastKnownFileType = sourcecode.swift; path = HeaderView.swift; sourceTree = "<group>"; };
		24D056DE2B0314AC00790A82 /* HeroView.swift */ = {isa = PBXFileReference; lastKnownFileType = sourcecode.swift; path = HeroView.swift; sourceTree = "<group>"; };
		24D056E02B03196000790A82 /* MenuBreakdown.swift */ = {isa = PBXFileReference; lastKnownFileType = sourcecode.swift; path = MenuBreakdown.swift; sourceTree = "<group>"; };
		24D056E22B031A9F00790A82 /* MenuCategory.swift */ = {isa = PBXFileReference; lastKnownFileType = sourcecode.swift; path = MenuCategory.swift; sourceTree = "<group>"; };
/* End PBXFileReference section */

/* Begin PBXFrameworksBuildPhase section */
		249929F42AA0D21200AC4FCA /* Frameworks */ = {
			isa = PBXFrameworksBuildPhase;
			buildActionMask = 2147483647;
			files = (
			);
			runOnlyForDeploymentPostprocessing = 0;
		};
/* End PBXFrameworksBuildPhase section */

/* Begin PBXGroup section */
		249929EE2AA0D21200AC4FCA = {
			isa = PBXGroup;
			children = (
				2414E6372AF84E3E007C2015 /* Dish+CoreDataClass.swift */,
				2414E6382AF84E3E007C2015 /* Dish+CoreDataProperties.swift */,
				249929F92AA0D21200AC4FCA /* Restaurant */,
				249929F82AA0D21200AC4FCA /* Products */,
			);
			sourceTree = "<group>";
		};
		249929F82AA0D21200AC4FCA /* Products */ = {
			isa = PBXGroup;
			children = (
				249929F72AA0D21200AC4FCA /* Restaurant.app */,
			);
			name = Products;
			sourceTree = "<group>";
		};
		249929F92AA0D21200AC4FCA /* Restaurant */ = {
			isa = PBXGroup;
			children = (
				24D030272B08091E005D64F4 /* Info.plist */,
				24D030252B06A93E005D64F4 /* Model */,
				24D030232B06A8AC005D64F4 /* CoreData */,
				24D030202B05132E005D64F4 /* Extensions */,
				24D0301B2B05125C005D64F4 /* Fonts */,
				24D030242B06A8F1005D64F4 /* Views */,
				24D030262B06A968005D64F4 /* SubViews */,
				249929FA2AA0D21200AC4FCA /* RestaurantApp.swift */,
				249929FE2AA0D21200AC4FCA /* Assets.xcassets */,
				24BAE83F2B168836001C5DD0 /* Components */,
				24992A002AA0D21200AC4FCA /* Preview Content */,
			);
			path = Restaurant;
			sourceTree = "<group>";
		};
		24992A002AA0D21200AC4FCA /* Preview Content */ = {
			isa = PBXGroup;
			children = (
				24992A012AA0D21200AC4FCA /* Preview Assets.xcassets */,
			);
			path = "Preview Content";
			sourceTree = "<group>";
		};
		24BAE83F2B168836001C5DD0 /* Components */ = {
			isa = PBXGroup;
			children = (
				24BAE8402B168860001C5DD0 /* Checkbox.swift */,
			);
			path = Components;
			sourceTree = "<group>";
		};
		24D0301B2B05125C005D64F4 /* Fonts */ = {
			isa = PBXGroup;
			children = (
				24D0301C2B0512B7005D64F4 /* MarkaziText-Medium.ttf */,
				24C2A5382B0951E0003784EE /* Karla-Bold.ttf */,
				24C2A53A2B095450003784EE /* Karla-ExtraBold.ttf */,
				24D0301E2B0512FC005D64F4 /* Karla-Regular.ttf */,
				2478472C2B1D086200B25F15 /* FontAndTextStyles.swift */,
			);
			path = Fonts;
			sourceTree = "<group>";
		};
		24D030202B05132E005D64F4 /* Extensions */ = {
			isa = PBXGroup;
			children = (
				24D030212B051355005D64F4 /* Color+Extension.swift */,
			);
			path = Extensions;
			sourceTree = "<group>";
		};
		24D030232B06A8AC005D64F4 /* CoreData */ = {
			isa = PBXGroup;
			children = (
				2418BF202ACB4452004FA87E /* ExampleDatabase.xcdatamodeld */,
				244EAF4A2AB68AB700FD7531 /* Persistence.swift */,
				244EAF482AB68A9400FD7531 /* FetchedObjects.swift */,
			);
			path = CoreData;
			sourceTree = "<group>";
		};
		24D030242B06A8F1005D64F4 /* Views */ = {
			isa = PBXGroup;
			children = (
				2458B0792AA0D7E400F78D19 /* Onboarding.swift */,
				2458B07B2AA0D87500F78D19 /* Home.swift */,
				2458B07D2AA0D8F100F78D19 /* Menu.swift */,
				2458B07F2AA0D97600F78D19 /* UserProfile.swift */,
			);
			path = Views;
			sourceTree = "<group>";
		};
		24D030252B06A93E005D64F4 /* Model */ = {
			isa = PBXGroup;
			children = (
				244EAF4C2AB6964600FD7531 /* MenuItem.swift */,
				244EAF4E2AB6970500FD7531 /* MenuList.swift */,
			);
			path = Model;
			sourceTree = "<group>";
		};
		24D030262B06A968005D64F4 /* SubViews */ = {
			isa = PBXGroup;
			children = (
				24D056DC2B0312A100790A82 /* HeaderView.swift */,
				2414E6352AF838B9007C2015 /* MenuItemView.swift */,
				24D056DE2B0314AC00790A82 /* HeroView.swift */,
				24D056E02B03196000790A82 /* MenuBreakdown.swift */,
				24D056E22B031A9F00790A82 /* MenuCategory.swift */,
			);
			path = SubViews;
			sourceTree = "<group>";
		};
/* End PBXGroup section */

/* Begin PBXNativeTarget section */
		249929F62AA0D21200AC4FCA /* Restaurant */ = {
			isa = PBXNativeTarget;
			buildConfigurationList = 24992A052AA0D21200AC4FCA /* Build configuration list for PBXNativeTarget "Restaurant" */;
			buildPhases = (
				249929F32AA0D21200AC4FCA /* Sources */,
				249929F42AA0D21200AC4FCA /* Frameworks */,
				249929F52AA0D21200AC4FCA /* Resources */,
			);
			buildRules = (
			);
			dependencies = (
			);
			name = Restaurant;
			productName = Restaurant;
			productReference = 249929F72AA0D21200AC4FCA /* Restaurant.app */;
			productType = "com.apple.product-type.application";
		};
/* End PBXNativeTarget section */

/* Begin PBXProject section */
		249929EF2AA0D21200AC4FCA /* Project object */ = {
			isa = PBXProject;
			attributes = {
				BuildIndependentTargetsInParallel = 1;
				LastSwiftUpdateCheck = 1430;
				LastUpgradeCheck = 1500;
				TargetAttributes = {
					249929F62AA0D21200AC4FCA = {
						CreatedOnToolsVersion = 14.3.1;
					};
				};
			};
			buildConfigurationList = 249929F22AA0D21200AC4FCA /* Build configuration list for PBXProject "Restaurant" */;
			compatibilityVersion = "Xcode 14.0";
			developmentRegion = en;
			hasScannedForEncodings = 0;
			knownRegions = (
				en,
				Base,
			);
			mainGroup = 249929EE2AA0D21200AC4FCA;
			productRefGroup = 249929F82AA0D21200AC4FCA /* Products */;
			projectDirPath = "";
			projectRoot = "";
			targets = (
				249929F62AA0D21200AC4FCA /* Restaurant */,
			);
		};
/* End PBXProject section */

/* Begin PBXResourcesBuildPhase section */
		249929F52AA0D21200AC4FCA /* Resources */ = {
			isa = PBXResourcesBuildPhase;
			buildActionMask = 2147483647;
			files = (
				24D0301D2B0512B7005D64F4 /* MarkaziText-Medium.ttf in Resources */,
				24C2A5392B0951E0003784EE /* Karla-Bold.ttf in Resources */,
				24C2A53B2B095450003784EE /* Karla-ExtraBold.ttf in Resources */,
				24992A022AA0D21200AC4FCA /* Preview Assets.xcassets in Resources */,
				249929FF2AA0D21200AC4FCA /* Assets.xcassets in Resources */,
				24D0301F2B0512FC005D64F4 /* Karla-Regular.ttf in Resources */,
			);
			runOnlyForDeploymentPostprocessing = 0;
		};
/* End PBXResourcesBuildPhase section */

/* Begin PBXSourcesBuildPhase section */
		249929F32AA0D21200AC4FCA /* Sources */ = {
			isa = PBXSourcesBuildPhase;
			buildActionMask = 2147483647;
			files = (
				2418BF222ACB4452004FA87E /* ExampleDatabase.xcdatamodeld in Sources */,
				2458B07A2AA0D7E400F78D19 /* Onboarding.swift in Sources */,
				24D056DF2B0314AC00790A82 /* HeroView.swift in Sources */,
				244EAF4B2AB68AB700FD7531 /* Persistence.swift in Sources */,
				2478472D2B1D086200B25F15 /* FontAndTextStyles.swift in Sources */,
				24D056E32B031A9F00790A82 /* MenuCategory.swift in Sources */,
				2414E63A2AF84E3E007C2015 /* Dish+CoreDataProperties.swift in Sources */,
				2414E6392AF84E3E007C2015 /* Dish+CoreDataClass.swift in Sources */,
				2414E6362AF838B9007C2015 /* MenuItemView.swift in Sources */,
				24BAE8412B168860001C5DD0 /* Checkbox.swift in Sources */,
				2458B0802AA0D97600F78D19 /* UserProfile.swift in Sources */,
				2458B07C2AA0D87500F78D19 /* Home.swift in Sources */,
				249929FB2AA0D21200AC4FCA /* RestaurantApp.swift in Sources */,
				24D030222B051355005D64F4 /* Color+Extension.swift in Sources */,
				24D056DD2B0312A100790A82 /* HeaderView.swift in Sources */,
				244EAF4D2AB6964600FD7531 /* MenuItem.swift in Sources */,
				244EAF492AB68A9400FD7531 /* FetchedObjects.swift in Sources */,
				24D056E12B03196000790A82 /* MenuBreakdown.swift in Sources */,
				244EAF4F2AB6970500FD7531 /* MenuList.swift in Sources */,
				2458B07E2AA0D8F100F78D19 /* Menu.swift in Sources */,
			);
			runOnlyForDeploymentPostprocessing = 0;
		};
/* End PBXSourcesBuildPhase section */

/* Begin XCBuildConfiguration section */
		24992A032AA0D21200AC4FCA /* Debug */ = {
			isa = XCBuildConfiguration;
			buildSettings = {
				ALWAYS_SEARCH_USER_PATHS = NO;
				CLANG_ANALYZER_NONNULL = YES;
				CLANG_ANALYZER_NUMBER_OBJECT_CONVERSION = YES_AGGRESSIVE;
				CLANG_CXX_LANGUAGE_STANDARD = "gnu++20";
				CLANG_ENABLE_MODULES = YES;
				CLANG_ENABLE_OBJC_ARC = YES;
				CLANG_ENABLE_OBJC_WEAK = YES;
				CLANG_WARN_BLOCK_CAPTURE_AUTORELEASING = YES;
				CLANG_WARN_BOOL_CONVERSION = YES;
				CLANG_WARN_COMMA = YES;
				CLANG_WARN_CONSTANT_CONVERSION = YES;
				CLANG_WARN_DEPRECATED_OBJC_IMPLEMENTATIONS = YES;
				CLANG_WARN_DIRECT_OBJC_ISA_USAGE = YES_ERROR;
				CLANG_WARN_DOCUMENTATION_COMMENTS = YES;
				CLANG_WARN_EMPTY_BODY = YES;
				CLANG_WARN_ENUM_CONVERSION = YES;
				CLANG_WARN_INFINITE_RECURSION = YES;
				CLANG_WARN_INT_CONVERSION = YES;
				CLANG_WARN_NON_LITERAL_NULL_CONVERSION = YES;
				CLANG_WARN_OBJC_IMPLICIT_RETAIN_SELF = YES;
				CLANG_WARN_OBJC_LITERAL_CONVERSION = YES;
				CLANG_WARN_OBJC_ROOT_CLASS = YES_ERROR;
				CLANG_WARN_QUOTED_INCLUDE_IN_FRAMEWORK_HEADER = YES;
				CLANG_WARN_RANGE_LOOP_ANALYSIS = YES;
				CLANG_WARN_STRICT_PROTOTYPES = YES;
				CLANG_WARN_SUSPICIOUS_MOVE = YES;
				CLANG_WARN_UNGUARDED_AVAILABILITY = YES_AGGRESSIVE;
				CLANG_WARN_UNREACHABLE_CODE = YES;
				CLANG_WARN__DUPLICATE_METHOD_MATCH = YES;
				COPY_PHASE_STRIP = NO;
				DEBUG_INFORMATION_FORMAT = dwarf;
				ENABLE_STRICT_OBJC_MSGSEND = YES;
				ENABLE_TESTABILITY = YES;
				ENABLE_USER_SCRIPT_SANDBOXING = YES;
				GCC_C_LANGUAGE_STANDARD = gnu11;
				GCC_DYNAMIC_NO_PIC = NO;
				GCC_NO_COMMON_BLOCKS = YES;
				GCC_OPTIMIZATION_LEVEL = 0;
				GCC_PREPROCESSOR_DEFINITIONS = (
					"DEBUG=1",
					"$(inherited)",
				);
				GCC_WARN_64_TO_32_BIT_CONVERSION = YES;
				GCC_WARN_ABOUT_RETURN_TYPE = YES_ERROR;
				GCC_WARN_UNDECLARED_SELECTOR = YES;
				GCC_WARN_UNINITIALIZED_AUTOS = YES_AGGRESSIVE;
				GCC_WARN_UNUSED_FUNCTION = YES;
				GCC_WARN_UNUSED_VARIABLE = YES;
				IPHONEOS_DEPLOYMENT_TARGET = 16.4;
				MTL_ENABLE_DEBUG_INFO = INCLUDE_SOURCE;
				MTL_FAST_MATH = YES;
				ONLY_ACTIVE_ARCH = YES;
				SDKROOT = iphoneos;
				SWIFT_ACTIVE_COMPILATION_CONDITIONS = DEBUG;
				SWIFT_OPTIMIZATION_LEVEL = "-Onone";
			};
			name = Debug;
		};
		24992A042AA0D21200AC4FCA /* Release */ = {
			isa = XCBuildConfiguration;
			buildSettings = {
				ALWAYS_SEARCH_USER_PATHS = NO;
				CLANG_ANALYZER_NONNULL = YES;
				CLANG_ANALYZER_NUMBER_OBJECT_CONVERSION = YES_AGGRESSIVE;
				CLANG_CXX_LANGUAGE_STANDARD = "gnu++20";
				CLANG_ENABLE_MODULES = YES;
				CLANG_ENABLE_OBJC_ARC = YES;
				CLANG_ENABLE_OBJC_WEAK = YES;
				CLANG_WARN_BLOCK_CAPTURE_AUTORELEASING = YES;
				CLANG_WARN_BOOL_CONVERSION = YES;
				CLANG_WARN_COMMA = YES;
				CLANG_WARN_CONSTANT_CONVERSION = YES;
				CLANG_WARN_DEPRECATED_OBJC_IMPLEMENTATIONS = YES;
				CLANG_WARN_DIRECT_OBJC_ISA_USAGE = YES_ERROR;
				CLANG_WARN_DOCUMENTATION_COMMENTS = YES;
				CLANG_WARN_EMPTY_BODY = YES;
				CLANG_WARN_ENUM_CONVERSION = YES;
				CLANG_WARN_INFINITE_RECURSION = YES;
				CLANG_WARN_INT_CONVERSION = YES;
				CLANG_WARN_NON_LITERAL_NULL_CONVERSION = YES;
				CLANG_WARN_OBJC_IMPLICIT_RETAIN_SELF = YES;
				CLANG_WARN_OBJC_LITERAL_CONVERSION = YES;
				CLANG_WARN_OBJC_ROOT_CLASS = YES_ERROR;
				CLANG_WARN_QUOTED_INCLUDE_IN_FRAMEWORK_HEADER = YES;
				CLANG_WARN_RANGE_LOOP_ANALYSIS = YES;
				CLANG_WARN_STRICT_PROTOTYPES = YES;
				CLANG_WARN_SUSPICIOUS_MOVE = YES;
				CLANG_WARN_UNGUARDED_AVAILABILITY = YES_AGGRESSIVE;
				CLANG_WARN_UNREACHABLE_CODE = YES;
				CLANG_WARN__DUPLICATE_METHOD_MATCH = YES;
				COPY_PHASE_STRIP = NO;
				DEBUG_INFORMATION_FORMAT = "dwarf-with-dsym";
				ENABLE_NS_ASSERTIONS = NO;
				ENABLE_STRICT_OBJC_MSGSEND = YES;
				ENABLE_USER_SCRIPT_SANDBOXING = YES;
				GCC_C_LANGUAGE_STANDARD = gnu11;
				GCC_NO_COMMON_BLOCKS = YES;
				GCC_WARN_64_TO_32_BIT_CONVERSION = YES;
				GCC_WARN_ABOUT_RETURN_TYPE = YES_ERROR;
				GCC_WARN_UNDECLARED_SELECTOR = YES;
				GCC_WARN_UNINITIALIZED_AUTOS = YES_AGGRESSIVE;
				GCC_WARN_UNUSED_FUNCTION = YES;
				GCC_WARN_UNUSED_VARIABLE = YES;
				IPHONEOS_DEPLOYMENT_TARGET = 16.4;
				MTL_ENABLE_DEBUG_INFO = NO;
				MTL_FAST_MATH = YES;
				SDKROOT = iphoneos;
				SWIFT_COMPILATION_MODE = wholemodule;
				SWIFT_OPTIMIZATION_LEVEL = "-O";
				VALIDATE_PRODUCT = YES;
			};
			name = Release;
		};
		24992A062AA0D21200AC4FCA /* Debug */ = {
			isa = XCBuildConfiguration;
			buildSettings = {
				ASSETCATALOG_COMPILER_APPICON_NAME = AppIcon;
				ASSETCATALOG_COMPILER_GLOBAL_ACCENT_COLOR_NAME = AccentColor;
				CODE_SIGN_STYLE = Automatic;
				CURRENT_PROJECT_VERSION = 1;
				DEVELOPMENT_ASSET_PATHS = "\"Restaurant/Preview Content\"";
				ENABLE_PREVIEWS = YES;
				GENERATE_INFOPLIST_FILE = YES;
				INFOPLIST_FILE = Restaurant/Info.plist;
				INFOPLIST_KEY_UIApplicationSceneManifest_Generation = YES;
				INFOPLIST_KEY_UIApplicationSupportsIndirectInputEvents = YES;
				INFOPLIST_KEY_UILaunchScreen_Generation = YES;
				INFOPLIST_KEY_UISupportedInterfaceOrientations_iPad = "UIInterfaceOrientationPortrait UIInterfaceOrientationPortraitUpsideDown UIInterfaceOrientationLandscapeLeft UIInterfaceOrientationLandscapeRight";
				INFOPLIST_KEY_UISupportedInterfaceOrientations_iPhone = "UIInterfaceOrientationPortrait UIInterfaceOrientationLandscapeLeft UIInterfaceOrientationLandscapeRight";
				LD_RUNPATH_SEARCH_PATHS = (
					"$(inherited)",
					"@executable_path/Frameworks",
				);
				MARKETING_VERSION = 1.0;
				PRODUCT_BUNDLE_IDENTIFIER = com.littleLemon.mobileApplication.Restaurant;
				PRODUCT_NAME = "$(TARGET_NAME)";
				SWIFT_EMIT_LOC_STRINGS = YES;
				SWIFT_VERSION = 5.0;
				TARGETED_DEVICE_FAMILY = "1,2";
			};
			name = Debug;
		};
		24992A072AA0D21200AC4FCA /* Release */ = {
			isa = XCBuildConfiguration;
			buildSettings = {
				ASSETCATALOG_COMPILER_APPICON_NAME = AppIcon;
				ASSETCATALOG_COMPILER_GLOBAL_ACCENT_COLOR_NAME = AccentColor;
				CODE_SIGN_STYLE = Automatic;
				CURRENT_PROJECT_VERSION = 1;
				DEVELOPMENT_ASSET_PATHS = "\"Restaurant/Preview Content\"";
				ENABLE_PREVIEWS = YES;
				GENERATE_INFOPLIST_FILE = YES;
				INFOPLIST_FILE = Restaurant/Info.plist;
				INFOPLIST_KEY_UIApplicationSceneManifest_Generation = YES;
				INFOPLIST_KEY_UIApplicationSupportsIndirectInputEvents = YES;
				INFOPLIST_KEY_UILaunchScreen_Generation = YES;
				INFOPLIST_KEY_UISupportedInterfaceOrientations_iPad = "UIInterfaceOrientationPortrait UIInterfaceOrientationPortraitUpsideDown UIInterfaceOrientationLandscapeLeft UIInterfaceOrientationLandscapeRight";
				INFOPLIST_KEY_UISupportedInterfaceOrientations_iPhone = "UIInterfaceOrientationPortrait UIInterfaceOrientationLandscapeLeft UIInterfaceOrientationLandscapeRight";
				LD_RUNPATH_SEARCH_PATHS = (
					"$(inherited)",
					"@executable_path/Frameworks",
				);
				MARKETING_VERSION = 1.0;
				PRODUCT_BUNDLE_IDENTIFIER = com.littleLemon.mobileApplication.Restaurant;
				PRODUCT_NAME = "$(TARGET_NAME)";
				SWIFT_EMIT_LOC_STRINGS = YES;
				SWIFT_VERSION = 5.0;
				TARGETED_DEVICE_FAMILY = "1,2";
			};
			name = Release;
		};
/* End XCBuildConfiguration section */

/* Begin XCConfigurationList section */
		249929F22AA0D21200AC4FCA /* Build configuration list for PBXProject "Restaurant" */ = {
			isa = XCConfigurationList;
			buildConfigurations = (
				24992A032AA0D21200AC4FCA /* Debug */,
				24992A042AA0D21200AC4FCA /* Release */,
			);
			defaultConfigurationIsVisible = 0;
			defaultConfigurationName = Release;
		};
		24992A052AA0D21200AC4FCA /* Build configuration list for PBXNativeTarget "Restaurant" */ = {
			isa = XCConfigurationList;
			buildConfigurations = (
				24992A062AA0D21200AC4FCA /* Debug */,
				24992A072AA0D21200AC4FCA /* Release */,
			);
			defaultConfigurationIsVisible = 0;
			defaultConfigurationName = Release;
		};
/* End XCConfigurationList section */

/* Begin XCVersionGroup section */
		2418BF202ACB4452004FA87E /* ExampleDatabase.xcdatamodeld */ = {
			isa = XCVersionGroup;
			children = (
				2418BF212ACB4452004FA87E /* ExampleDatabase.xcdatamodel */,
			);
			currentVersion = 2418BF212ACB4452004FA87E /* ExampleDatabase.xcdatamodel */;
			path = ExampleDatabase.xcdatamodeld;
			sourceTree = "<group>";
			versionGroupType = wrapper.xcdatamodel;
		};
/* End XCVersionGroup section */
	};
	rootObject = 249929EF2AA0D21200AC4FCA /* Project object */;
}
